<?xml version="1.0" encoding="utf-8"?>
<Project ToolsVersion="4.0" xmlns="http://schemas.microsoft.com/developer/msbuild/2003">
  <ItemGroup>
    <Filter Include="win32">
      <UniqueIdentifier>{84a8ebd7-7cf0-47f6-b75e-d441df67da40}</UniqueIdentifier>
    </Filter>
    <Filter Include="resource">
      <UniqueIdentifier>{715254bc-d70b-4ec5-bf29-467dd3ace079}</UniqueIdentifier>
    </Filter>
    <Filter Include="src">
      <UniqueIdentifier>{bb6c862e-70e9-49d9-81b7-3829a6f50471}</UniqueIdentifier>
    </Filter>
    <Filter Include="src\2D">
      <UniqueIdentifier>{96b6249c-6775-4575-9892-adcf04ca34eb}</UniqueIdentifier>
    </Filter>
    <Filter Include="src\misc">
      <UniqueIdentifier>{3c01f646-2872-499e-8389-404dbcdd1cdd}</UniqueIdentifier>
    </Filter>
    <Filter Include="src\stateMachine">
      <UniqueIdentifier>{d076070a-6c89-409a-a0f4-d6c31188631b}</UniqueIdentifier>
    </Filter>
    <Filter Include="src\enity">
      <UniqueIdentifier>{9291e762-c723-47d7-aa38-8c1074cff38a}</UniqueIdentifier>
    </Filter>
  </ItemGroup>
  <ItemGroup>
    <ClCompile Include="main.cpp">
      <Filter>win32</Filter>
    </ClCompile>
    <ClCompile Include="..\Classes\AppDelegate.cpp">
      <Filter>src</Filter>
    </ClCompile>
    <ClCompile Include="..\Classes\HelloWorldScene.cpp">
      <Filter>src</Filter>
    </ClCompile>
    <ClCompile Include="..\Classes\common\2D\Vector2D.cpp">
      <Filter>src\2D</Filter>
    </ClCompile>
    <ClCompile Include="..\Classes\stateMachine\State.cpp">
      <Filter>src\stateMachine</Filter>
    </ClCompile>
    <ClCompile Include="..\Classes\enity\BaseGameEntity.cpp">
      <Filter>src\enity</Filter>
    </ClCompile>
    <ClCompile Include="..\Classes\stateMachine\MinerOwnedStates.cpp">
      <Filter>src\stateMachine</Filter>
    </ClCompile>
    <ClCompile Include="..\Classes\enity\Miner.cpp">
      <Filter>src\enity</Filter>
    </ClCompile>
    <ClCompile Include="..\Classes\MineScene.cpp">
      <Filter>src</Filter>
    </ClCompile>
    <ClCompile Include="..\Classes\enity\MinerWife.cpp">
      <Filter>src\enity</Filter>
    </ClCompile>
    <ClCompile Include="..\Classes\stateMachine\MinerWifeOwnedStates.cpp">
      <Filter>src\stateMachine</Filter>
    </ClCompile>
  </ItemGroup>
  <ItemGroup>
    <ClInclude Include="main.h">
      <Filter>win32</Filter>
    </ClInclude>
    <ClInclude Include="..\Classes\AppDelegate.h">
      <Filter>src</Filter>
    </ClInclude>
    <ClInclude Include="..\Classes\HelloWorldScene.h">
      <Filter>src</Filter>
    </ClInclude>
    <ClInclude Include="..\Classes\common\2D\Vector2D.h">
      <Filter>src\2D</Filter>
    </ClInclude>
    <ClInclude Include="..\Classes\common\misc\utils.h">
      <Filter>src\misc</Filter>
    </ClInclude>
    <ClInclude Include="..\Classes\stateMachine\State.h">
      <Filter>src\stateMachine</Filter>
    </ClInclude>
    <ClInclude Include="..\Classes\enity\BaseGameEntity.h">
      <Filter>src\enity</Filter>
    </ClInclude>
    <ClInclude Include="..\Classes\stateMachine\MinerOwnedStates.h">
      <Filter>src\stateMachine</Filter>
    </ClInclude>
    <ClInclude Include="..\Classes\Locations.h">
      <Filter>src</Filter>
    </ClInclude>
    <ClInclude Include="..\Classes\MineScene.h">
      <Filter>src</Filter>
    </ClInclude>
    <ClInclude Include="..\Classes\enity\Miner.h">
      <Filter>src\enity</Filter>
    </ClInclude>
    <ClInclude Include="..\Classes\stateMachine\StateMachine.h">
      <Filter>src\stateMachine</Filter>
    </ClInclude>
    <ClInclude Include="..\Classes\enity\MinerWife.h">
      <Filter>src\enity</Filter>
    </ClInclude>
    <ClInclude Include="..\Classes\stateMachine\MinerWifeOwnedStates.h">
      <Filter>src\stateMachine</Filter>
    </ClInclude>
  </ItemGroup>
  <ItemGroup>
    <ResourceCompile Include="game.rc">
      <Filter>resource</Filter>
    </ResourceCompile>
  </ItemGroup>
</Project>